// !$*UTF8*$!
{
	archiveVersion = 1;
	classes = {
	};
	objectVersion = 56;
	objects = {

/* Begin PBXBuildFile section */
		FE0326F80706BCE6A01B05C4 /* Pods_VisionUsageExample.framework in Frameworks */ = {isa = PBXBuildFile; fileRef = 4DD0C520910B15FFCFF7BF0C /* Pods_VisionUsageExample.framework */; };
		FE09639328ABA0A700590300 /* AppDelegate.swift in Sources */ = {isa = PBXBuildFile; fileRef = FE09639228ABA0A700590300 /* AppDelegate.swift */; };
		FE09639528ABA0A700590300 /* SceneDelegate.swift in Sources */ = {isa = PBXBuildFile; fileRef = FE09639428ABA0A700590300 /* SceneDelegate.swift */; };
		FE09639728ABA0A700590300 /* ViewController.swift in Sources */ = {isa = PBXBuildFile; fileRef = FE09639628ABA0A700590300 /* ViewController.swift */; };
		FE09639A28ABA0A700590300 /* Main.storyboard in Resources */ = {isa = PBXBuildFile; fileRef = FE09639828ABA0A700590300 /* Main.storyboard */; };
		FE09639C28ABA0A900590300 /* Assets.xcassets in Resources */ = {isa = PBXBuildFile; fileRef = FE09639B28ABA0A900590300 /* Assets.xcassets */; };
		FE09639F28ABA0A900590300 /* LaunchScreen.storyboard in Resources */ = {isa = PBXBuildFile; fileRef = FE09639D28ABA0A900590300 /* LaunchScreen.storyboard */; };
		FE96AC56291CE32A00CAADC0 /* FacePresentView.swift in Sources */ = {isa = PBXBuildFile; fileRef = FE96AC55291CE32A00CAADC0 /* FacePresentView.swift */; };
		FE96AC58291CF31400CAADC0 /* LaserView.swift in Sources */ = {isa = PBXBuildFile; fileRef = FE96AC57291CF31400CAADC0 /* LaserView.swift */; };
		FE96AC5A291D003E00CAADC0 /* CoreGraphicExtensions.swift in Sources */ = {isa = PBXBuildFile; fileRef = FE96AC59291D003E00CAADC0 /* CoreGraphicExtensions.swift */; };
		FECB663028ABB635005F45DA /* FaceTrackViewController.swift in Sources */ = {isa = PBXBuildFile; fileRef = FECB662F28ABB635005F45DA /* FaceTrackViewController.swift */; };
		FECF643E29233F760064CC28 /* PhotoStackViewController.swift in Sources */ = {isa = PBXBuildFile; fileRef = FECF643D29233F760064CC28 /* PhotoStackViewController.swift */; };
		FECF64432923438A0064CC28 /* RecordButton.swift in Sources */ = {isa = PBXBuildFile; fileRef = FECF64422923438A0064CC28 /* RecordButton.swift */; };
		FECF6445292484B10064CC28 /* PhotoStackImageSaver.swift in Sources */ = {isa = PBXBuildFile; fileRef = FECF6444292484B10064CC28 /* PhotoStackImageSaver.swift */; };
		FECF644729248ABE0064CC28 /* PhotoStackProcessor.swift in Sources */ = {isa = PBXBuildFile; fileRef = FECF644629248ABE0064CC28 /* PhotoStackProcessor.swift */; };
		FECF6449292492210064CC28 /* AverageStacking.metal in Sources */ = {isa = PBXBuildFile; fileRef = FECF6448292492210064CC28 /* AverageStacking.metal */; };
		FECF644B292493540064CC28 /* AverageStackingFilter.swift in Sources */ = {isa = PBXBuildFile; fileRef = FECF644A292493540064CC28 /* AverageStackingFilter.swift */; };
		FECF644D2924B9720064CC28 /* CIImageExtensions.swift in Sources */ = {isa = PBXBuildFile; fileRef = FECF644C2924B9720064CC28 /* CIImageExtensions.swift */; };
/* End PBXBuildFile section */

/* Begin PBXFileReference section */
		4DD0C520910B15FFCFF7BF0C /* Pods_VisionUsageExample.framework */ = {isa = PBXFileReference; explicitFileType = wrapper.framework; includeInIndex = 0; path = Pods_VisionUsageExample.framework; sourceTree = BUILT_PRODUCTS_DIR; };
		7ECE423B14A2B3FCB439F95F /* Pods-VisionUsageExample.release.xcconfig */ = {isa = PBXFileReference; includeInIndex = 1; lastKnownFileType = text.xcconfig; name = "Pods-VisionUsageExample.release.xcconfig"; path = "Target Support Files/Pods-VisionUsageExample/Pods-VisionUsageExample.release.xcconfig"; sourceTree = "<group>"; };
		DCDF07D6EEA270B8F63B0EFB /* Pods-VisionUsageExample.debug.xcconfig */ = {isa = PBXFileReference; includeInIndex = 1; lastKnownFileType = text.xcconfig; name = "Pods-VisionUsageExample.debug.xcconfig"; path = "Target Support Files/Pods-VisionUsageExample/Pods-VisionUsageExample.debug.xcconfig"; sourceTree = "<group>"; };
		FE09638F28ABA0A700590300 /* VisionUsageExample.app */ = {isa = PBXFileReference; explicitFileType = wrapper.application; includeInIndex = 0; path = VisionUsageExample.app; sourceTree = BUILT_PRODUCTS_DIR; };
		FE09639228ABA0A700590300 /* AppDelegate.swift */ = {isa = PBXFileReference; lastKnownFileType = sourcecode.swift; path = AppDelegate.swift; sourceTree = "<group>"; };
		FE09639428ABA0A700590300 /* SceneDelegate.swift */ = {isa = PBXFileReference; lastKnownFileType = sourcecode.swift; path = SceneDelegate.swift; sourceTree = "<group>"; };
		FE09639628ABA0A700590300 /* ViewController.swift */ = {isa = PBXFileReference; lastKnownFileType = sourcecode.swift; path = ViewController.swift; sourceTree = "<group>"; };
		FE09639928ABA0A700590300 /* Base */ = {isa = PBXFileReference; lastKnownFileType = file.storyboard; name = Base; path = Base.lproj/Main.storyboard; sourceTree = "<group>"; };
		FE09639B28ABA0A900590300 /* Assets.xcassets */ = {isa = PBXFileReference; lastKnownFileType = folder.assetcatalog; path = Assets.xcassets; sourceTree = "<group>"; };
		FE09639E28ABA0A900590300 /* Base */ = {isa = PBXFileReference; lastKnownFileType = file.storyboard; name = Base; path = Base.lproj/LaunchScreen.storyboard; sourceTree = "<group>"; };
		FE0963A028ABA0A900590300 /* Info.plist */ = {isa = PBXFileReference; lastKnownFileType = text.plist.xml; path = Info.plist; sourceTree = "<group>"; };
		FE96AC55291CE32A00CAADC0 /* FacePresentView.swift */ = {isa = PBXFileReference; lastKnownFileType = sourcecode.swift; path = FacePresentView.swift; sourceTree = "<group>"; };
		FE96AC57291CF31400CAADC0 /* LaserView.swift */ = {isa = PBXFileReference; lastKnownFileType = sourcecode.swift; path = LaserView.swift; sourceTree = "<group>"; };
		FE96AC59291D003E00CAADC0 /* CoreGraphicExtensions.swift */ = {isa = PBXFileReference; lastKnownFileType = sourcecode.swift; path = CoreGraphicExtensions.swift; sourceTree = "<group>"; };
		FECB662F28ABB635005F45DA /* FaceTrackViewController.swift */ = {isa = PBXFileReference; lastKnownFileType = sourcecode.swift; path = FaceTrackViewController.swift; sourceTree = "<group>"; };
		FECF643D29233F760064CC28 /* PhotoStackViewController.swift */ = {isa = PBXFileReference; lastKnownFileType = sourcecode.swift; path = PhotoStackViewController.swift; sourceTree = "<group>"; };
		FECF64422923438A0064CC28 /* RecordButton.swift */ = {isa = PBXFileReference; lastKnownFileType = sourcecode.swift; path = RecordButton.swift; sourceTree = "<group>"; };
		FECF6444292484B10064CC28 /* PhotoStackImageSaver.swift */ = {isa = PBXFileReference; lastKnownFileType = sourcecode.swift; path = PhotoStackImageSaver.swift; sourceTree = "<group>"; };
		FECF644629248ABE0064CC28 /* PhotoStackProcessor.swift */ = {isa = PBXFileReference; lastKnownFileType = sourcecode.swift; path = PhotoStackProcessor.swift; sourceTree = "<group>"; };
		FECF6448292492210064CC28 /* AverageStacking.metal */ = {isa = PBXFileReference; fileEncoding = 4; lastKnownFileType = sourcecode.metal; path = AverageStacking.metal; sourceTree = "<group>"; };
		FECF644A292493540064CC28 /* AverageStackingFilter.swift */ = {isa = PBXFileReference; lastKnownFileType = sourcecode.swift; path = AverageStackingFilter.swift; sourceTree = "<group>"; };
		FECF644C2924B9720064CC28 /* CIImageExtensions.swift */ = {isa = PBXFileReference; lastKnownFileType = sourcecode.swift; path = CIImageExtensions.swift; sourceTree = "<group>"; };
/* End PBXFileReference section */

/* Begin PBXFrameworksBuildPhase section */
		FE09638C28ABA0A700590300 /* Frameworks */ = {
			isa = PBXFrameworksBuildPhase;
			buildActionMask = 2147483647;
			files = (
				FE0326F80706BCE6A01B05C4 /* Pods_VisionUsageExample.framework in Frameworks */,
			);
			runOnlyForDeploymentPostprocessing = 0;
		};
/* End PBXFrameworksBuildPhase section */

/* Begin PBXGroup section */
		1777B28C72ED0B2D662E8EB8 /* Frameworks */ = {
			isa = PBXGroup;
			children = (
				4DD0C520910B15FFCFF7BF0C /* Pods_VisionUsageExample.framework */,
			);
			name = Frameworks;
			sourceTree = "<group>";
		};
		8E08DB6E23B3F97F564091C9 /* Pods */ = {
			isa = PBXGroup;
			children = (
				DCDF07D6EEA270B8F63B0EFB /* Pods-VisionUsageExample.debug.xcconfig */,
				7ECE423B14A2B3FCB439F95F /* Pods-VisionUsageExample.release.xcconfig */,
			);
			path = Pods;
			sourceTree = "<group>";
		};
		FE09638628ABA0A700590300 = {
			isa = PBXGroup;
			children = (
				FE09639128ABA0A700590300 /* VisionUsageExample */,
				FE09639028ABA0A700590300 /* Products */,
				8E08DB6E23B3F97F564091C9 /* Pods */,
				1777B28C72ED0B2D662E8EB8 /* Frameworks */,
			);
			sourceTree = "<group>";
		};
		FE09639028ABA0A700590300 /* Products */ = {
			isa = PBXGroup;
			children = (
				FE09638F28ABA0A700590300 /* VisionUsageExample.app */,
			);
			name = Products;
			sourceTree = "<group>";
		};
		FE09639128ABA0A700590300 /* VisionUsageExample */ = {
			isa = PBXGroup;
			children = (
				FE09639228ABA0A700590300 /* AppDelegate.swift */,
				FE09639428ABA0A700590300 /* SceneDelegate.swift */,
				FE09639628ABA0A700590300 /* ViewController.swift */,
				FECF643F29233FE30064CC28 /* FaceRecogn */,
				FECF644029233FFA0064CC28 /* PhtotoStack */,
				FECF6441292340060064CC28 /* Tools */,
				FE09639828ABA0A700590300 /* Main.storyboard */,
				FE09639B28ABA0A900590300 /* Assets.xcassets */,
				FE09639D28ABA0A900590300 /* LaunchScreen.storyboard */,
				FE0963A028ABA0A900590300 /* Info.plist */,
			);
			path = VisionUsageExample;
			sourceTree = "<group>";
		};
		FECF643F29233FE30064CC28 /* FaceRecogn */ = {
			isa = PBXGroup;
			children = (
				FECB662F28ABB635005F45DA /* FaceTrackViewController.swift */,
				FE96AC55291CE32A00CAADC0 /* FacePresentView.swift */,
				FE96AC57291CF31400CAADC0 /* LaserView.swift */,
			);
			path = FaceRecogn;
			sourceTree = "<group>";
		};
		FECF644029233FFA0064CC28 /* PhtotoStack */ = {
			isa = PBXGroup;
			children = (
				FECF6448292492210064CC28 /* AverageStacking.metal */,
				FECF644A292493540064CC28 /* AverageStackingFilter.swift */,
				FECF643D29233F760064CC28 /* PhotoStackViewController.swift */,
				FECF64422923438A0064CC28 /* RecordButton.swift */,
				FECF6444292484B10064CC28 /* PhotoStackImageSaver.swift */,
				FECF644629248ABE0064CC28 /* PhotoStackProcessor.swift */,
			);
			path = PhtotoStack;
			sourceTree = "<group>";
		};
		FECF6441292340060064CC28 /* Tools */ = {
			isa = PBXGroup;
			children = (
				FE96AC59291D003E00CAADC0 /* CoreGraphicExtensions.swift */,
				FECF644C2924B9720064CC28 /* CIImageExtensions.swift */,
			);
			path = Tools;
			sourceTree = "<group>";
		};
/* End PBXGroup section */

/* Begin PBXNativeTarget section */
		FE09638E28ABA0A700590300 /* VisionUsageExample */ = {
			isa = PBXNativeTarget;
			buildConfigurationList = FE0963A328ABA0A900590300 /* Build configuration list for PBXNativeTarget "VisionUsageExample" */;
			buildPhases = (
				E3DE998522E09ECB0BB0D73F /* [CP] Check Pods Manifest.lock */,
				FE09638B28ABA0A700590300 /* Sources */,
				FE09638C28ABA0A700590300 /* Frameworks */,
				FE09638D28ABA0A700590300 /* Resources */,
				001E163B659742B6776CD493 /* [CP] Embed Pods Frameworks */,
			);
			buildRules = (
			);
			dependencies = (
			);
			name = VisionUsageExample;
			productName = VisionUsageExample;
			productReference = FE09638F28ABA0A700590300 /* VisionUsageExample.app */;
			productType = "com.apple.product-type.application";
		};
/* End PBXNativeTarget section */

/* Begin PBXProject section */
		FE09638728ABA0A700590300 /* Project object */ = {
			isa = PBXProject;
			attributes = {
				BuildIndependentTargetsInParallel = 1;
				LastSwiftUpdateCheck = 1400;
				LastUpgradeCheck = 1400;
				TargetAttributes = {
					FE09638E28ABA0A700590300 = {
						CreatedOnToolsVersion = 14.0;
					};
				};
			};
			buildConfigurationList = FE09638A28ABA0A700590300 /* Build configuration list for PBXProject "VisionUsageExample" */;
			compatibilityVersion = "Xcode 14.0";
			developmentRegion = en;
			hasScannedForEncodings = 0;
			knownRegions = (
				en,
				Base,
			);
			mainGroup = FE09638628ABA0A700590300;
			productRefGroup = FE09639028ABA0A700590300 /* Products */;
			projectDirPath = "";
			projectRoot = "";
			targets = (
				FE09638E28ABA0A700590300 /* VisionUsageExample */,
			);
		};
/* End PBXProject section */

/* Begin PBXResourcesBuildPhase section */
		FE09638D28ABA0A700590300 /* Resources */ = {
			isa = PBXResourcesBuildPhase;
			buildActionMask = 2147483647;
			files = (
				FE09639F28ABA0A900590300 /* LaunchScreen.storyboard in Resources */,
				FE09639C28ABA0A900590300 /* Assets.xcassets in Resources */,
				FE09639A28ABA0A700590300 /* Main.storyboard in Resources */,
			);
			runOnlyForDeploymentPostprocessing = 0;
		};
/* End PBXResourcesBuildPhase section */

/* Begin PBXShellScriptBuildPhase section */
		001E163B659742B6776CD493 /* [CP] Embed Pods Frameworks */ = {
			isa = PBXShellScriptBuildPhase;
			buildActionMask = 2147483647;
			files = (
			);
			inputFileListPaths = (
				"${PODS_ROOT}/Target Support Files/Pods-VisionUsageExample/Pods-VisionUsageExample-frameworks-${CONFIGURATION}-input-files.xcfilelist",
			);
			name = "[CP] Embed Pods Frameworks";
			outputFileListPaths = (
				"${PODS_ROOT}/Target Support Files/Pods-VisionUsageExample/Pods-VisionUsageExample-frameworks-${CONFIGURATION}-output-files.xcfilelist",
			);
			runOnlyForDeploymentPostprocessing = 0;
			shellPath = /bin/sh;
			shellScript = "\"${PODS_ROOT}/Target Support Files/Pods-VisionUsageExample/Pods-VisionUsageExample-frameworks.sh\"\n";
			showEnvVarsInLog = 0;
		};
		E3DE998522E09ECB0BB0D73F /* [CP] Check Pods Manifest.lock */ = {
			isa = PBXShellScriptBuildPhase;
			buildActionMask = 2147483647;
			files = (
			);
			inputFileListPaths = (
			);
			inputPaths = (
				"${PODS_PODFILE_DIR_PATH}/Podfile.lock",
				"${PODS_ROOT}/Manifest.lock",
			);
			name = "[CP] Check Pods Manifest.lock";
			outputFileListPaths = (
			);
			outputPaths = (
				"$(DERIVED_FILE_DIR)/Pods-VisionUsageExample-checkManifestLockResult.txt",
			);
			runOnlyForDeploymentPostprocessing = 0;
			shellPath = /bin/sh;
			shellScript = "diff \"${PODS_PODFILE_DIR_PATH}/Podfile.lock\" \"${PODS_ROOT}/Manifest.lock\" > /dev/null\nif [ $? != 0 ] ; then\n    # print error to STDERR\n    echo \"error: The sandbox is not in sync with the Podfile.lock. Run 'pod install' or update your CocoaPods installation.\" >&2\n    exit 1\nfi\n# This output is used by Xcode 'outputs' to avoid re-running this script phase.\necho \"SUCCESS\" > \"${SCRIPT_OUTPUT_FILE_0}\"\n";
			showEnvVarsInLog = 0;
		};
/* End PBXShellScriptBuildPhase section */

/* Begin PBXSourcesBuildPhase section */
		FE09638B28ABA0A700590300 /* Sources */ = {
			isa = PBXSourcesBuildPhase;
			buildActionMask = 2147483647;
			files = (
				FECF643E29233F760064CC28 /* PhotoStackViewController.swift in Sources */,
				FECF644D2924B9720064CC28 /* CIImageExtensions.swift in Sources */,
				FECF644B292493540064CC28 /* AverageStackingFilter.swift in Sources */,
				FECF6449292492210064CC28 /* AverageStacking.metal in Sources */,
				FE96AC56291CE32A00CAADC0 /* FacePresentView.swift in Sources */,
				FECF64432923438A0064CC28 /* RecordButton.swift in Sources */,
				FECF644729248ABE0064CC28 /* PhotoStackProcessor.swift in Sources */,
				FE09639728ABA0A700590300 /* ViewController.swift in Sources */,
				FE09639328ABA0A700590300 /* AppDelegate.swift in Sources */,
				FECF6445292484B10064CC28 /* PhotoStackImageSaver.swift in Sources */,
				FE09639528ABA0A700590300 /* SceneDelegate.swift in Sources */,
				FE96AC5A291D003E00CAADC0 /* CoreGraphicExtensions.swift in Sources */,
				FE96AC58291CF31400CAADC0 /* LaserView.swift in Sources */,
				FECB663028ABB635005F45DA /* FaceTrackViewController.swift in Sources */,
			);
			runOnlyForDeploymentPostprocessing = 0;
		};
/* End PBXSourcesBuildPhase section */

/* Begin PBXVariantGroup section */
		FE09639828ABA0A700590300 /* Main.storyboard */ = {
			isa = PBXVariantGroup;
			children = (
				FE09639928ABA0A700590300 /* Base */,
			);
			name = Main.storyboard;
			sourceTree = "<group>";
		};
		FE09639D28ABA0A900590300 /* LaunchScreen.storyboard */ = {
			isa = PBXVariantGroup;
			children = (
				FE09639E28ABA0A900590300 /* Base */,
			);
			name = LaunchScreen.storyboard;
			sourceTree = "<group>";
		};
/* End PBXVariantGroup section */

/* Begin XCBuildConfiguration section */
		FE0963A128ABA0A900590300 /* Debug */ = {
			isa = XCBuildConfiguration;
			buildSettings = {
				ALWAYS_SEARCH_USER_PATHS = NO;
				CLANG_ANALYZER_NONNULL = YES;
				CLANG_ANALYZER_NUMBER_OBJECT_CONVERSION = YES_AGGRESSIVE;
				CLANG_CXX_LANGUAGE_STANDARD = "gnu++20";
				CLANG_ENABLE_MODULES = YES;
				CLANG_ENABLE_OBJC_ARC = YES;
				CLANG_ENABLE_OBJC_WEAK = YES;
				CLANG_WARN_BLOCK_CAPTURE_AUTORELEASING = YES;
				CLANG_WARN_BOOL_CONVERSION = YES;
				CLANG_WARN_COMMA = YES;
				CLANG_WARN_CONSTANT_CONVERSION = YES;
				CLANG_WARN_DEPRECATED_OBJC_IMPLEMENTATIONS = YES;
				CLANG_WARN_DIRECT_OBJC_ISA_USAGE = YES_ERROR;
				CLANG_WARN_DOCUMENTATION_COMMENTS = YES;
				CLANG_WARN_EMPTY_BODY = YES;
				CLANG_WARN_ENUM_CONVERSION = YES;
				CLANG_WARN_INFINITE_RECURSION = YES;
				CLANG_WARN_INT_CONVERSION = YES;
				CLANG_WARN_NON_LITERAL_NULL_CONVERSION = YES;
				CLANG_WARN_OBJC_IMPLICIT_RETAIN_SELF = YES;
				CLANG_WARN_OBJC_LITERAL_CONVERSION = YES;
				CLANG_WARN_OBJC_ROOT_CLASS = YES_ERROR;
				CLANG_WARN_QUOTED_INCLUDE_IN_FRAMEWORK_HEADER = YES;
				CLANG_WARN_RANGE_LOOP_ANALYSIS = YES;
				CLANG_WARN_STRICT_PROTOTYPES = YES;
				CLANG_WARN_SUSPICIOUS_MOVE = YES;
				CLANG_WARN_UNGUARDED_AVAILABILITY = YES_AGGRESSIVE;
				CLANG_WARN_UNREACHABLE_CODE = YES;
				CLANG_WARN__DUPLICATE_METHOD_MATCH = YES;
				COPY_PHASE_STRIP = NO;
				DEBUG_INFORMATION_FORMAT = dwarf;
				ENABLE_STRICT_OBJC_MSGSEND = YES;
				ENABLE_TESTABILITY = YES;
				GCC_C_LANGUAGE_STANDARD = gnu11;
				GCC_DYNAMIC_NO_PIC = NO;
				GCC_NO_COMMON_BLOCKS = YES;
				GCC_OPTIMIZATION_LEVEL = 0;
				GCC_PREPROCESSOR_DEFINITIONS = (
					"DEBUG=1",
					"$(inherited)",
				);
				GCC_WARN_64_TO_32_BIT_CONVERSION = YES;
				GCC_WARN_ABOUT_RETURN_TYPE = YES_ERROR;
				GCC_WARN_UNDECLARED_SELECTOR = YES;
				GCC_WARN_UNINITIALIZED_AUTOS = YES_AGGRESSIVE;
				GCC_WARN_UNUSED_FUNCTION = YES;
				GCC_WARN_UNUSED_VARIABLE = YES;
				IPHONEOS_DEPLOYMENT_TARGET = 16.0;
				MTL_ENABLE_DEBUG_INFO = INCLUDE_SOURCE;
				MTL_FAST_MATH = YES;
				ONLY_ACTIVE_ARCH = YES;
				SDKROOT = iphoneos;
				SWIFT_ACTIVE_COMPILATION_CONDITIONS = DEBUG;
				SWIFT_OPTIMIZATION_LEVEL = "-Onone";
			};
			name = Debug;
		};
		FE0963A228ABA0A900590300 /* Release */ = {
			isa = XCBuildConfiguration;
			buildSettings = {
				ALWAYS_SEARCH_USER_PATHS = NO;
				CLANG_ANALYZER_NONNULL = YES;
				CLANG_ANALYZER_NUMBER_OBJECT_CONVERSION = YES_AGGRESSIVE;
				CLANG_CXX_LANGUAGE_STANDARD = "gnu++20";
				CLANG_ENABLE_MODULES = YES;
				CLANG_ENABLE_OBJC_ARC = YES;
				CLANG_ENABLE_OBJC_WEAK = YES;
				CLANG_WARN_BLOCK_CAPTURE_AUTORELEASING = YES;
				CLANG_WARN_BOOL_CONVERSION = YES;
				CLANG_WARN_COMMA = YES;
				CLANG_WARN_CONSTANT_CONVERSION = YES;
				CLANG_WARN_DEPRECATED_OBJC_IMPLEMENTATIONS = YES;
				CLANG_WARN_DIRECT_OBJC_ISA_USAGE = YES_ERROR;
				CLANG_WARN_DOCUMENTATION_COMMENTS = YES;
				CLANG_WARN_EMPTY_BODY = YES;
				CLANG_WARN_ENUM_CONVERSION = YES;
				CLANG_WARN_INFINITE_RECURSION = YES;
				CLANG_WARN_INT_CONVERSION = YES;
				CLANG_WARN_NON_LITERAL_NULL_CONVERSION = YES;
				CLANG_WARN_OBJC_IMPLICIT_RETAIN_SELF = YES;
				CLANG_WARN_OBJC_LITERAL_CONVERSION = YES;
				CLANG_WARN_OBJC_ROOT_CLASS = YES_ERROR;
				CLANG_WARN_QUOTED_INCLUDE_IN_FRAMEWORK_HEADER = YES;
				CLANG_WARN_RANGE_LOOP_ANALYSIS = YES;
				CLANG_WARN_STRICT_PROTOTYPES = YES;
				CLANG_WARN_SUSPICIOUS_MOVE = YES;
				CLANG_WARN_UNGUARDED_AVAILABILITY = YES_AGGRESSIVE;
				CLANG_WARN_UNREACHABLE_CODE = YES;
				CLANG_WARN__DUPLICATE_METHOD_MATCH = YES;
				COPY_PHASE_STRIP = NO;
				DEBUG_INFORMATION_FORMAT = "dwarf-with-dsym";
				ENABLE_NS_ASSERTIONS = NO;
				ENABLE_STRICT_OBJC_MSGSEND = YES;
				GCC_C_LANGUAGE_STANDARD = gnu11;
				GCC_NO_COMMON_BLOCKS = YES;
				GCC_WARN_64_TO_32_BIT_CONVERSION = YES;
				GCC_WARN_ABOUT_RETURN_TYPE = YES_ERROR;
				GCC_WARN_UNDECLARED_SELECTOR = YES;
				GCC_WARN_UNINITIALIZED_AUTOS = YES_AGGRESSIVE;
				GCC_WARN_UNUSED_FUNCTION = YES;
				GCC_WARN_UNUSED_VARIABLE = YES;
				IPHONEOS_DEPLOYMENT_TARGET = 16.0;
				MTL_ENABLE_DEBUG_INFO = NO;
				MTL_FAST_MATH = YES;
				SDKROOT = iphoneos;
				SWIFT_COMPILATION_MODE = wholemodule;
				SWIFT_OPTIMIZATION_LEVEL = "-O";
				VALIDATE_PRODUCT = YES;
			};
			name = Release;
		};
		FE0963A428ABA0A900590300 /* Debug */ = {
			isa = XCBuildConfiguration;
			baseConfigurationReference = DCDF07D6EEA270B8F63B0EFB /* Pods-VisionUsageExample.debug.xcconfig */;
			buildSettings = {
				ASSETCATALOG_COMPILER_APPICON_NAME = AppIcon;
				ASSETCATALOG_COMPILER_GLOBAL_ACCENT_COLOR_NAME = AccentColor;
				CODE_SIGN_IDENTITY = "Apple Development";
				CODE_SIGN_STYLE = Automatic;
				CURRENT_PROJECT_VERSION = 1;
				DEVELOPMENT_TEAM = VSH7W5Y66V;
				GENERATE_INFOPLIST_FILE = YES;
				INFOPLIST_FILE = VisionUsageExample/Info.plist;
				INFOPLIST_KEY_UIApplicationSupportsIndirectInputEvents = YES;
				INFOPLIST_KEY_UILaunchStoryboardName = LaunchScreen;
				INFOPLIST_KEY_UIMainStoryboardFile = Main;
				INFOPLIST_KEY_UISupportedInterfaceOrientations_iPad = "UIInterfaceOrientationPortrait UIInterfaceOrientationPortraitUpsideDown UIInterfaceOrientationLandscapeLeft UIInterfaceOrientationLandscapeRight";
				INFOPLIST_KEY_UISupportedInterfaceOrientations_iPhone = "UIInterfaceOrientationPortrait UIInterfaceOrientationLandscapeLeft UIInterfaceOrientationLandscapeRight";
				LD_RUNPATH_SEARCH_PATHS = (
					"$(inherited)",
					"@executable_path/Frameworks",
				);
				MARKETING_VERSION = 1.0;
				PRODUCT_BUNDLE_IDENTIFIER = raven.vision.test.VisionUsageExample;
				PRODUCT_NAME = "$(TARGET_NAME)";
				PROVISIONING_PROFILE_SPECIFIER = "";
				SWIFT_EMIT_LOC_STRINGS = YES;
				SWIFT_VERSION = 5.0;
				TARGETED_DEVICE_FAMILY = "1,2";
			};
			name = Debug;
		};
		FE0963A528ABA0A900590300 /* Release */ = {
			isa = XCBuildConfiguration;
			baseConfigurationReference = 7ECE423B14A2B3FCB439F95F /* Pods-VisionUsageExample.release.xcconfig */;
			buildSettings = {
				ASSETCATALOG_COMPILER_APPICON_NAME = AppIcon;
				ASSETCATALOG_COMPILER_GLOBAL_ACCENT_COLOR_NAME = AccentColor;
				CODE_SIGN_IDENTITY = "Apple Development";
				CODE_SIGN_STYLE = Automatic;
				CURRENT_PROJECT_VERSION = 1;
				DEVELOPMENT_TEAM = VSH7W5Y66V;
				GENERATE_INFOPLIST_FILE = YES;
				INFOPLIST_FILE = VisionUsageExample/Info.plist;
				INFOPLIST_KEY_UIApplicationSupportsIndirectInputEvents = YES;
				INFOPLIST_KEY_UILaunchStoryboardName = LaunchScreen;
				INFOPLIST_KEY_UIMainStoryboardFile = Main;
				INFOPLIST_KEY_UISupportedInterfaceOrientations_iPad = "UIInterfaceOrientationPortrait UIInterfaceOrientationPortraitUpsideDown UIInterfaceOrientationLandscapeLeft UIInterfaceOrientationLandscapeRight";
				INFOPLIST_KEY_UISupportedInterfaceOrientations_iPhone = "UIInterfaceOrientationPortrait UIInterfaceOrientationLandscapeLeft UIInterfaceOrientationLandscapeRight";
				LD_RUNPATH_SEARCH_PATHS = (
					"$(inherited)",
					"@executable_path/Frameworks",
				);
				MARKETING_VERSION = 1.0;
				PRODUCT_BUNDLE_IDENTIFIER = raven.vision.test.VisionUsageExample;
				PRODUCT_NAME = "$(TARGET_NAME)";
				PROVISIONING_PROFILE_SPECIFIER = "";
				SWIFT_EMIT_LOC_STRINGS = YES;
				SWIFT_VERSION = 5.0;
				TARGETED_DEVICE_FAMILY = "1,2";
			};
			name = Release;
		};
/* End XCBuildConfiguration section */

/* Begin XCConfigurationList section */
		FE09638A28ABA0A700590300 /* Build configuration list for PBXProject "VisionUsageExample" */ = {
			isa = XCConfigurationList;
			buildConfigurations = (
				FE0963A128ABA0A900590300 /* Debug */,
				FE0963A228ABA0A900590300 /* Release */,
			);
			defaultConfigurationIsVisible = 0;
			defaultConfigurationName = Release;
		};
		FE0963A328ABA0A900590300 /* Build configuration list for PBXNativeTarget "VisionUsageExample" */ = {
			isa = XCConfigurationList;
			buildConfigurations = (
				FE0963A428ABA0A900590300 /* Debug */,
				FE0963A528ABA0A900590300 /* Release */,
			);
			defaultConfigurationIsVisible = 0;
			defaultConfigurationName = Release;
		};
/* End XCConfigurationList section */
	};
	rootObject = FE09638728ABA0A700590300 /* Project object */;
}
